
Microsoft Visual Studio Solution File, Format Version 12.00
# Visual Studio Version 16
VisualStudioVersion = 16.0.34407.143
MinimumVisualStudioVersion = 10.0.40219.1
Project("{8BC9CEB8-8B4A-11D0-8D11-00A0C91BC942}") = "4.2 If-Then Structure", "4.2 If-Then Structure\4.2 If-Then Structure.vcxproj", "{9F28F0C6-A27D-43F8-87E2-11C85389398A}"
EndProject
Project("{8BC9CEB8-8B4A-11D0-8D11-00A0C91BC942}") = "4.2 If-Then Structure 2", "4.2 If-Then Structure 2\4.2 If-Then Structure 2.vcxproj", "{4A4A1B61-D758-4FC9-89F7-B2BCEA96FDC5}"
EndProject
Project("{8BC9CEB8-8B4A-11D0-8D11-00A0C91BC942}") = "4.2 If-Then Structure 3", "4.2 If-Then Structure 3\4.2 If-Then Structure 3.vcxproj", "{BADDB17A-A8D2-4E7B-A75D-B78A210AD98B}"
EndProject
Project("{8BC9CEB8-8B4A-11D0-8D11-00A0C91BC942}") = "4.2 If-Then Structure 4", "4.2 If-Then Structure 4\4.2 If-Then Structure 4.vcxproj", "{C90336B5-0689-40D1-B0D1-EDF240F862F5}"
EndProject
Project("{8BC9CEB8-8B4A-11D0-8D11-00A0C91BC942}") = "4.2 If-Then Structure 5", "4.2 If-Then Structure 5\4.2 If-Then Structure 5.vcxproj", "{87A381B5-DC41-4747-A701-9EAFE91E9861}"
EndProject
Project("{8BC9CEB8-8B4A-11D0-8D11-00A0C91BC942}") = "4.2 If-Then Structure 6", "4.2 If-Then Structure 6\4.2 If-Then Structure 6.vcxproj", "{6FECF035-E21D-4015-949F-040A486ED0C0}"
EndProject
Project("{8BC9CEB8-8B4A-11D0-8D11-00A0C91BC942}") = "4.2 If-Then Structure 7", "4.2 If-Then Structure 7\4.2 If-Then Structure 7.vcxproj", "{15FA967D-DAED-444E-9052-C2C7F2AD954E}"
EndProject
Project("{8BC9CEB8-8B4A-11D0-8D11-00A0C91BC942}") = "4.2 If-Then Structure 8", "4.2 If-Then Structure 8\4.2 If-Then Structure 8.vcxproj", "{359FCA40-7C99-4070-94F2-3C6ABDF3EA3E}"
EndProject
Project("{8BC9CEB8-8B4A-11D0-8D11-00A0C91BC942}") = "4.2 If-Then Structure 9", "4.2 If-Then Structure 9\4.2 If-Then Structure 9.vcxproj", "{152936CF-54C0-466A-A617-FFDCB56BC4DD}"
EndProject
Project("{8BC9CEB8-8B4A-11D0-8D11-00A0C91BC942}") = "4.2 If-Then Structure 9-1", "4.2 If-Then Structure 9-1\4.2 If-Then Structure 9-1.vcxproj", "{45358278-F67E-4BFC-8B3E-FB2DA8C0D389}"
EndProject
Project("{8BC9CEB8-8B4A-11D0-8D11-00A0C91BC942}") = "Page 72", "Page 72\Page 72.vcxproj", "{F3EFEB57-22FF-4F37-AD33-485A27DAC824}"
EndProject
Project("{8BC9CEB8-8B4A-11D0-8D11-00A0C91BC942}") = "Page 72 - 2", "Page 72 - 2\Page 72 - 2.vcxproj", "{F546301E-DC63-402B-A767-8D728D2A2AA2}"
EndProject
Project("{8BC9CEB8-8B4A-11D0-8D11-00A0C91BC942}") = "Page 72 - 3", "Page 72 - 3\Page 72 - 3.vcxproj", "{EC457263-4D11-41B0-808F-D98E318F6527}"
EndProject
Project("{8BC9CEB8-8B4A-11D0-8D11-00A0C91BC942}") = "4.2 If-Then Structure 1", "4.2 If-Then Structure 1\4.2 If-Then Structure 1.vcxproj", "{C62E4475-4473-46E9-B408-184CA27A47CC}"
EndProject
Project("{8BC9CEB8-8B4A-11D0-8D11-00A0C91BC942}") = "Page 72 - 4", "Page 72 - 4\Page 72 - 4.vcxproj", "{13187EE0-79BE-454A-9425-9330C56E5BA0}"
EndProject
Project("{8BC9CEB8-8B4A-11D0-8D11-00A0C91BC942}") = "Page 72 right", "Page 72 right\Page 72 right.vcxproj", "{0A70C2D3-AFBF-4CB5-BCB4-03ACB0E68A63}"
EndProject
Project("{8BC9CEB8-8B4A-11D0-8D11-00A0C91BC942}") = "Page 79", "Page 79\Page 79.vcxproj", "{0A4C20FF-1396-4E85-B31C-E94981092BF9}"
EndProject
Project("{8BC9CEB8-8B4A-11D0-8D11-00A0C91BC942}") = "4.3 If-Then-Else Structure", "4.3 If-Then-Else Structure\4.3 If-Then-Else Structure.vcxproj", "{4A503A7A-8D5A-4FA0-B86D-B18DF2E215AA}"
EndProject
Project("{8BC9CEB8-8B4A-11D0-8D11-00A0C91BC942}") = "4.3 If-Then-Else Structure 2", "4.3 If-Then-Else Structure 2\4.3 If-Then-Else Structure 2.vcxproj", "{2A64AC67-98ED-46C6-95FA-A649CF4A5EFA}"
EndProject
Project("{8BC9CEB8-8B4A-11D0-8D11-00A0C91BC942}") = "4.4 Nested if", "4.4 Nested if\4.4 Nested if.vcxproj", "{8B77B9D1-B4A3-4E01-B2C2-A3E0663BCB44}"
EndProject
Project("{8BC9CEB8-8B4A-11D0-8D11-00A0C91BC942}") = "4.4 Nested if 2", "4.4 Nested if 2\4.4 Nested if 2.vcxproj", "{1E7BD1FA-0B99-4E57-BEA8-5127B71AE576}"
EndProject
Project("{8BC9CEB8-8B4A-11D0-8D11-00A0C91BC942}") = "4.5 Case Structure", "4.5 Case Structure\4.5 Case Structure.vcxproj", "{FFCDF267-F41D-4D34-9A0C-1506423FDAEE}"
EndProject
Project("{8BC9CEB8-8B4A-11D0-8D11-00A0C91BC942}") = "4.5 Case Structure 2", "4.5 Case Structure 2\4.5 Case Structure 2.vcxproj", "{5F1B73E7-6F83-4277-BFAD-387A6C8168C3}"
EndProject
Global
	GlobalSection(SolutionConfigurationPlatforms) = preSolution
		Debug|x64 = Debug|x64
		Debug|x86 = Debug|x86
		Release|x64 = Release|x64
		Release|x86 = Release|x86
	EndGlobalSection
	GlobalSection(ProjectConfigurationPlatforms) = postSolution
		{9F28F0C6-A27D-43F8-87E2-11C85389398A}.Debug|x64.ActiveCfg = Debug|x64
		{9F28F0C6-A27D-43F8-87E2-11C85389398A}.Debug|x64.Build.0 = Debug|x64
		{9F28F0C6-A27D-43F8-87E2-11C85389398A}.Debug|x86.ActiveCfg = Debug|Win32
		{9F28F0C6-A27D-43F8-87E2-11C85389398A}.Debug|x86.Build.0 = Debug|Win32
		{9F28F0C6-A27D-43F8-87E2-11C85389398A}.Release|x64.ActiveCfg = Release|x64
		{9F28F0C6-A27D-43F8-87E2-11C85389398A}.Release|x64.Build.0 = Release|x64
		{9F28F0C6-A27D-43F8-87E2-11C85389398A}.Release|x86.ActiveCfg = Release|Win32
		{9F28F0C6-A27D-43F8-87E2-11C85389398A}.Release|x86.Build.0 = Release|Win32
		{4A4A1B61-D758-4FC9-89F7-B2BCEA96FDC5}.Debug|x64.ActiveCfg = Debug|x64
		{4A4A1B61-D758-4FC9-89F7-B2BCEA96FDC5}.Debug|x64.Build.0 = Debug|x64
		{4A4A1B61-D758-4FC9-89F7-B2BCEA96FDC5}.Debug|x86.ActiveCfg = Debug|Win32
		{4A4A1B61-D758-4FC9-89F7-B2BCEA96FDC5}.Debug|x86.Build.0 = Debug|Win32
		{4A4A1B61-D758-4FC9-89F7-B2BCEA96FDC5}.Release|x64.ActiveCfg = Release|x64
		{4A4A1B61-D758-4FC9-89F7-B2BCEA96FDC5}.Release|x64.Build.0 = Release|x64
		{4A4A1B61-D758-4FC9-89F7-B2BCEA96FDC5}.Release|x86.ActiveCfg = Release|Win32
		{4A4A1B61-D758-4FC9-89F7-B2BCEA96FDC5}.Release|x86.Build.0 = Release|Win32
		{BADDB17A-A8D2-4E7B-A75D-B78A210AD98B}.Debug|x64.ActiveCfg = Debug|x64
		{BADDB17A-A8D2-4E7B-A75D-B78A210AD98B}.Debug|x64.Build.0 = Debug|x64
		{BADDB17A-A8D2-4E7B-A75D-B78A210AD98B}.Debug|x86.ActiveCfg = Debug|Win32
		{BADDB17A-A8D2-4E7B-A75D-B78A210AD98B}.Debug|x86.Build.0 = Debug|Win32
		{BADDB17A-A8D2-4E7B-A75D-B78A210AD98B}.Release|x64.ActiveCfg = Release|x64
		{BADDB17A-A8D2-4E7B-A75D-B78A210AD98B}.Release|x64.Build.0 = Release|x64
		{BADDB17A-A8D2-4E7B-A75D-B78A210AD98B}.Release|x86.ActiveCfg = Release|Win32
		{BADDB17A-A8D2-4E7B-A75D-B78A210AD98B}.Release|x86.Build.0 = Release|Win32
		{C90336B5-0689-40D1-B0D1-EDF240F862F5}.Debug|x64.ActiveCfg = Debug|x64
		{C90336B5-0689-40D1-B0D1-EDF240F862F5}.Debug|x64.Build.0 = Debug|x64
		{C90336B5-0689-40D1-B0D1-EDF240F862F5}.Debug|x86.ActiveCfg = Debug|Win32
		{C90336B5-0689-40D1-B0D1-EDF240F862F5}.Debug|x86.Build.0 = Debug|Win32
		{C90336B5-0689-40D1-B0D1-EDF240F862F5}.Release|x64.ActiveCfg = Release|x64
		{C90336B5-0689-40D1-B0D1-EDF240F862F5}.Release|x64.Build.0 = Release|x64
		{C90336B5-0689-40D1-B0D1-EDF240F862F5}.Release|x86.ActiveCfg = Release|Win32
		{C90336B5-0689-40D1-B0D1-EDF240F862F5}.Release|x86.Build.0 = Release|Win32
		{87A381B5-DC41-4747-A701-9EAFE91E9861}.Debug|x64.ActiveCfg = Debug|x64
		{87A381B5-DC41-4747-A701-9EAFE91E9861}.Debug|x64.Build.0 = Debug|x64
		{87A381B5-DC41-4747-A701-9EAFE91E9861}.Debug|x86.ActiveCfg = Debug|Win32
		{87A381B5-DC41-4747-A701-9EAFE91E9861}.Debug|x86.Build.0 = Debug|Win32
		{87A381B5-DC41-4747-A701-9EAFE91E9861}.Release|x64.ActiveCfg = Release|x64
		{87A381B5-DC41-4747-A701-9EAFE91E9861}.Release|x64.Build.0 = Release|x64
		{87A381B5-DC41-4747-A701-9EAFE91E9861}.Release|x86.ActiveCfg = Release|Win32
		{87A381B5-DC41-4747-A701-9EAFE91E9861}.Release|x86.Build.0 = Release|Win32
		{6FECF035-E21D-4015-949F-040A486ED0C0}.Debug|x64.ActiveCfg = Debug|x64
		{6FECF035-E21D-4015-949F-040A486ED0C0}.Debug|x64.Build.0 = Debug|x64
		{6FECF035-E21D-4015-949F-040A486ED0C0}.Debug|x86.ActiveCfg = Debug|Win32
		{6FECF035-E21D-4015-949F-040A486ED0C0}.Debug|x86.Build.0 = Debug|Win32
		{6FECF035-E21D-4015-949F-040A486ED0C0}.Release|x64.ActiveCfg = Release|x64
		{6FECF035-E21D-4015-949F-040A486ED0C0}.Release|x64.Build.0 = Release|x64
		{6FECF035-E21D-4015-949F-040A486ED0C0}.Release|x86.ActiveCfg = Release|Win32
		{6FECF035-E21D-4015-949F-040A486ED0C0}.Release|x86.Build.0 = Release|Win32
		{15FA967D-DAED-444E-9052-C2C7F2AD954E}.Debug|x64.ActiveCfg = Debug|x64
		{15FA967D-DAED-444E-9052-C2C7F2AD954E}.Debug|x64.Build.0 = Debug|x64
		{15FA967D-DAED-444E-9052-C2C7F2AD954E}.Debug|x86.ActiveCfg = Debug|Win32
		{15FA967D-DAED-444E-9052-C2C7F2AD954E}.Debug|x86.Build.0 = Debug|Win32
		{15FA967D-DAED-444E-9052-C2C7F2AD954E}.Release|x64.ActiveCfg = Release|x64
		{15FA967D-DAED-444E-9052-C2C7F2AD954E}.Release|x64.Build.0 = Release|x64
		{15FA967D-DAED-444E-9052-C2C7F2AD954E}.Release|x86.ActiveCfg = Release|Win32
		{15FA967D-DAED-444E-9052-C2C7F2AD954E}.Release|x86.Build.0 = Release|Win32
		{359FCA40-7C99-4070-94F2-3C6ABDF3EA3E}.Debug|x64.ActiveCfg = Debug|x64
		{359FCA40-7C99-4070-94F2-3C6ABDF3EA3E}.Debug|x64.Build.0 = Debug|x64
		{359FCA40-7C99-4070-94F2-3C6ABDF3EA3E}.Debug|x86.ActiveCfg = Debug|Win32
		{359FCA40-7C99-4070-94F2-3C6ABDF3EA3E}.Debug|x86.Build.0 = Debug|Win32
		{359FCA40-7C99-4070-94F2-3C6ABDF3EA3E}.Release|x64.ActiveCfg = Release|x64
		{359FCA40-7C99-4070-94F2-3C6ABDF3EA3E}.Release|x64.Build.0 = Release|x64
		{359FCA40-7C99-4070-94F2-3C6ABDF3EA3E}.Release|x86.ActiveCfg = Release|Win32
		{359FCA40-7C99-4070-94F2-3C6ABDF3EA3E}.Release|x86.Build.0 = Release|Win32
		{152936CF-54C0-466A-A617-FFDCB56BC4DD}.Debug|x64.ActiveCfg = Debug|x64
		{152936CF-54C0-466A-A617-FFDCB56BC4DD}.Debug|x64.Build.0 = Debug|x64
		{152936CF-54C0-466A-A617-FFDCB56BC4DD}.Debug|x86.ActiveCfg = Debug|Win32
		{152936CF-54C0-466A-A617-FFDCB56BC4DD}.Debug|x86.Build.0 = Debug|Win32
		{152936CF-54C0-466A-A617-FFDCB56BC4DD}.Release|x64.ActiveCfg = Release|x64
		{152936CF-54C0-466A-A617-FFDCB56BC4DD}.Release|x64.Build.0 = Release|x64
		{152936CF-54C0-466A-A617-FFDCB56BC4DD}.Release|x86.ActiveCfg = Release|Win32
		{152936CF-54C0-466A-A617-FFDCB56BC4DD}.Release|x86.Build.0 = Release|Win32
		{45358278-F67E-4BFC-8B3E-FB2DA8C0D389}.Debug|x64.ActiveCfg = Debug|x64
		{45358278-F67E-4BFC-8B3E-FB2DA8C0D389}.Debug|x64.Build.0 = Debug|x64
		{45358278-F67E-4BFC-8B3E-FB2DA8C0D389}.Debug|x86.ActiveCfg = Debug|Win32
		{45358278-F67E-4BFC-8B3E-FB2DA8C0D389}.Debug|x86.Build.0 = Debug|Win32
		{45358278-F67E-4BFC-8B3E-FB2DA8C0D389}.Release|x64.ActiveCfg = Release|x64
		{45358278-F67E-4BFC-8B3E-FB2DA8C0D389}.Release|x64.Build.0 = Release|x64
		{45358278-F67E-4BFC-8B3E-FB2DA8C0D389}.Release|x86.ActiveCfg = Release|Win32
		{45358278-F67E-4BFC-8B3E-FB2DA8C0D389}.Release|x86.Build.0 = Release|Win32
		{F3EFEB57-22FF-4F37-AD33-485A27DAC824}.Debug|x64.ActiveCfg = Debug|x64
		{F3EFEB57-22FF-4F37-AD33-485A27DAC824}.Debug|x64.Build.0 = Debug|x64
		{F3EFEB57-22FF-4F37-AD33-485A27DAC824}.Debug|x86.ActiveCfg = Debug|Win32
		{F3EFEB57-22FF-4F37-AD33-485A27DAC824}.Debug|x86.Build.0 = Debug|Win32
		{F3EFEB57-22FF-4F37-AD33-485A27DAC824}.Release|x64.ActiveCfg = Release|x64
		{F3EFEB57-22FF-4F37-AD33-485A27DAC824}.Release|x64.Build.0 = Release|x64
		{F3EFEB57-22FF-4F37-AD33-485A27DAC824}.Release|x86.ActiveCfg = Release|Win32
		{F3EFEB57-22FF-4F37-AD33-485A27DAC824}.Release|x86.Build.0 = Release|Win32
		{F546301E-DC63-402B-A767-8D728D2A2AA2}.Debug|x64.ActiveCfg = Debug|x64
		{F546301E-DC63-402B-A767-8D728D2A2AA2}.Debug|x64.Build.0 = Debug|x64
		{F546301E-DC63-402B-A767-8D728D2A2AA2}.Debug|x86.ActiveCfg = Debug|Win32
		{F546301E-DC63-402B-A767-8D728D2A2AA2}.Debug|x86.Build.0 = Debug|Win32
		{F546301E-DC63-402B-A767-8D728D2A2AA2}.Release|x64.ActiveCfg = Release|x64
		{F546301E-DC63-402B-A767-8D728D2A2AA2}.Release|x64.Build.0 = Release|x64
		{F546301E-DC63-402B-A767-8D728D2A2AA2}.Release|x86.ActiveCfg = Release|Win32
		{F546301E-DC63-402B-A767-8D728D2A2AA2}.Release|x86.Build.0 = Release|Win32
		{EC457263-4D11-41B0-808F-D98E318F6527}.Debug|x64.ActiveCfg = Debug|x64
		{EC457263-4D11-41B0-808F-D98E318F6527}.Debug|x64.Build.0 = Debug|x64
		{EC457263-4D11-41B0-808F-D98E318F6527}.Debug|x86.ActiveCfg = Debug|Win32
		{EC457263-4D11-41B0-808F-D98E318F6527}.Debug|x86.Build.0 = Debug|Win32
		{EC457263-4D11-41B0-808F-D98E318F6527}.Release|x64.ActiveCfg = Release|x64
		{EC457263-4D11-41B0-808F-D98E318F6527}.Release|x64.Build.0 = Release|x64
		{EC457263-4D11-41B0-808F-D98E318F6527}.Release|x86.ActiveCfg = Release|Win32
		{EC457263-4D11-41B0-808F-D98E318F6527}.Release|x86.Build.0 = Release|Win32
		{C62E4475-4473-46E9-B408-184CA27A47CC}.Debug|x64.ActiveCfg = Debug|x64
		{C62E4475-4473-46E9-B408-184CA27A47CC}.Debug|x64.Build.0 = Debug|x64
		{C62E4475-4473-46E9-B408-184CA27A47CC}.Debug|x86.ActiveCfg = Debug|Win32
		{C62E4475-4473-46E9-B408-184CA27A47CC}.Debug|x86.Build.0 = Debug|Win32
		{C62E4475-4473-46E9-B408-184CA27A47CC}.Release|x64.ActiveCfg = Release|x64
		{C62E4475-4473-46E9-B408-184CA27A47CC}.Release|x64.Build.0 = Release|x64
		{C62E4475-4473-46E9-B408-184CA27A47CC}.Release|x86.ActiveCfg = Release|Win32
		{C62E4475-4473-46E9-B408-184CA27A47CC}.Release|x86.Build.0 = Release|Win32
		{13187EE0-79BE-454A-9425-9330C56E5BA0}.Debug|x64.ActiveCfg = Debug|x64
		{13187EE0-79BE-454A-9425-9330C56E5BA0}.Debug|x64.Build.0 = Debug|x64
		{13187EE0-79BE-454A-9425-9330C56E5BA0}.Debug|x86.ActiveCfg = Debug|Win32
		{13187EE0-79BE-454A-9425-9330C56E5BA0}.Debug|x86.Build.0 = Debug|Win32
		{13187EE0-79BE-454A-9425-9330C56E5BA0}.Release|x64.ActiveCfg = Release|x64
		{13187EE0-79BE-454A-9425-9330C56E5BA0}.Release|x64.Build.0 = Release|x64
		{13187EE0-79BE-454A-9425-9330C56E5BA0}.Release|x86.ActiveCfg = Release|Win32
		{13187EE0-79BE-454A-9425-9330C56E5BA0}.Release|x86.Build.0 = Release|Win32
		{0A70C2D3-AFBF-4CB5-BCB4-03ACB0E68A63}.Debug|x64.ActiveCfg = Debug|x64
		{0A70C2D3-AFBF-4CB5-BCB4-03ACB0E68A63}.Debug|x64.Build.0 = Debug|x64
		{0A70C2D3-AFBF-4CB5-BCB4-03ACB0E68A63}.Debug|x86.ActiveCfg = Debug|Win32
		{0A70C2D3-AFBF-4CB5-BCB4-03ACB0E68A63}.Debug|x86.Build.0 = Debug|Win32
		{0A70C2D3-AFBF-4CB5-BCB4-03ACB0E68A63}.Release|x64.ActiveCfg = Release|x64
		{0A70C2D3-AFBF-4CB5-BCB4-03ACB0E68A63}.Release|x64.Build.0 = Release|x64
		{0A70C2D3-AFBF-4CB5-BCB4-03ACB0E68A63}.Release|x86.ActiveCfg = Release|Win32
		{0A70C2D3-AFBF-4CB5-BCB4-03ACB0E68A63}.Release|x86.Build.0 = Release|Win32
		{0A4C20FF-1396-4E85-B31C-E94981092BF9}.Debug|x64.ActiveCfg = Debug|x64
		{0A4C20FF-1396-4E85-B31C-E94981092BF9}.Debug|x64.Build.0 = Debug|x64
		{0A4C20FF-1396-4E85-B31C-E94981092BF9}.Debug|x86.ActiveCfg = Debug|Win32
		{0A4C20FF-1396-4E85-B31C-E94981092BF9}.Debug|x86.Build.0 = Debug|Win32
		{0A4C20FF-1396-4E85-B31C-E94981092BF9}.Release|x64.ActiveCfg = Release|x64
		{0A4C20FF-1396-4E85-B31C-E94981092BF9}.Release|x64.Build.0 = Release|x64
		{0A4C20FF-1396-4E85-B31C-E94981092BF9}.Release|x86.ActiveCfg = Release|Win32
		{0A4C20FF-1396-4E85-B31C-E94981092BF9}.Release|x86.Build.0 = Release|Win32
		{4A503A7A-8D5A-4FA0-B86D-B18DF2E215AA}.Debug|x64.ActiveCfg = Debug|x64
		{4A503A7A-8D5A-4FA0-B86D-B18DF2E215AA}.Debug|x64.Build.0 = Debug|x64
		{4A503A7A-8D5A-4FA0-B86D-B18DF2E215AA}.Debug|x86.ActiveCfg = Debug|Win32
		{4A503A7A-8D5A-4FA0-B86D-B18DF2E215AA}.Debug|x86.Build.0 = Debug|Win32
		{4A503A7A-8D5A-4FA0-B86D-B18DF2E215AA}.Release|x64.ActiveCfg = Release|x64
		{4A503A7A-8D5A-4FA0-B86D-B18DF2E215AA}.Release|x64.Build.0 = Release|x64
		{4A503A7A-8D5A-4FA0-B86D-B18DF2E215AA}.Release|x86.ActiveCfg = Release|Win32
		{4A503A7A-8D5A-4FA0-B86D-B18DF2E215AA}.Release|x86.Build.0 = Release|Win32
		{2A64AC67-98ED-46C6-95FA-A649CF4A5EFA}.Debug|x64.ActiveCfg = Debug|x64
		{2A64AC67-98ED-46C6-95FA-A649CF4A5EFA}.Debug|x64.Build.0 = Debug|x64
		{2A64AC67-98ED-46C6-95FA-A649CF4A5EFA}.Debug|x86.ActiveCfg = Debug|Win32
		{2A64AC67-98ED-46C6-95FA-A649CF4A5EFA}.Debug|x86.Build.0 = Debug|Win32
		{2A64AC67-98ED-46C6-95FA-A649CF4A5EFA}.Release|x64.ActiveCfg = Release|x64
		{2A64AC67-98ED-46C6-95FA-A649CF4A5EFA}.Release|x64.Build.0 = Release|x64
		{2A64AC67-98ED-46C6-95FA-A649CF4A5EFA}.Release|x86.ActiveCfg = Release|Win32
		{2A64AC67-98ED-46C6-95FA-A649CF4A5EFA}.Release|x86.Build.0 = Release|Win32
		{8B77B9D1-B4A3-4E01-B2C2-A3E0663BCB44}.Debug|x64.ActiveCfg = Debug|x64
		{8B77B9D1-B4A3-4E01-B2C2-A3E0663BCB44}.Debug|x64.Build.0 = Debug|x64
		{8B77B9D1-B4A3-4E01-B2C2-A3E0663BCB44}.Debug|x86.ActiveCfg = Debug|Win32
		{8B77B9D1-B4A3-4E01-B2C2-A3E0663BCB44}.Debug|x86.Build.0 = Debug|Win32
		{8B77B9D1-B4A3-4E01-B2C2-A3E0663BCB44}.Release|x64.ActiveCfg = Release|x64
		{8B77B9D1-B4A3-4E01-B2C2-A3E0663BCB44}.Release|x64.Build.0 = Release|x64
		{8B77B9D1-B4A3-4E01-B2C2-A3E0663BCB44}.Release|x86.ActiveCfg = Release|Win32
		{8B77B9D1-B4A3-4E01-B2C2-A3E0663BCB44}.Release|x86.Build.0 = Release|Win32
		{1E7BD1FA-0B99-4E57-BEA8-5127B71AE576}.Debug|x64.ActiveCfg = Debug|x64
		{1E7BD1FA-0B99-4E57-BEA8-5127B71AE576}.Debug|x64.Build.0 = Debug|x64
		{1E7BD1FA-0B99-4E57-BEA8-5127B71AE576}.Debug|x86.ActiveCfg = Debug|Win32
		{1E7BD1FA-0B99-4E57-BEA8-5127B71AE576}.Debug|x86.Build.0 = Debug|Win32
		{1E7BD1FA-0B99-4E57-BEA8-5127B71AE576}.Release|x64.ActiveCfg = Release|x64
		{1E7BD1FA-0B99-4E57-BEA8-5127B71AE576}.Release|x64.Build.0 = Release|x64
		{1E7BD1FA-0B99-4E57-BEA8-5127B71AE576}.Release|x86.ActiveCfg = Release|Win32
		{1E7BD1FA-0B99-4E57-BEA8-5127B71AE576}.Release|x86.Build.0 = Release|Win32
		{FFCDF267-F41D-4D34-9A0C-1506423FDAEE}.Debug|x64.ActiveCfg = Debug|x64
		{FFCDF267-F41D-4D34-9A0C-1506423FDAEE}.Debug|x64.Build.0 = Debug|x64
		{FFCDF267-F41D-4D34-9A0C-1506423FDAEE}.Debug|x86.ActiveCfg = Debug|Win32
		{FFCDF267-F41D-4D34-9A0C-1506423FDAEE}.Debug|x86.Build.0 = Debug|Win32
		{FFCDF267-F41D-4D34-9A0C-1506423FDAEE}.Release|x64.ActiveCfg = Release|x64
		{FFCDF267-F41D-4D34-9A0C-1506423FDAEE}.Release|x64.Build.0 = Release|x64
		{FFCDF267-F41D-4D34-9A0C-1506423FDAEE}.Release|x86.ActiveCfg = Release|Win32
		{FFCDF267-F41D-4D34-9A0C-1506423FDAEE}.Release|x86.Build.0 = Release|Win32
		{5F1B73E7-6F83-4277-BFAD-387A6C8168C3}.Debug|x64.ActiveCfg = Debug|x64
		{5F1B73E7-6F83-4277-BFAD-387A6C8168C3}.Debug|x64.Build.0 = Debug|x64
		{5F1B73E7-6F83-4277-BFAD-387A6C8168C3}.Debug|x86.ActiveCfg = Debug|Win32
		{5F1B73E7-6F83-4277-BFAD-387A6C8168C3}.Debug|x86.Build.0 = Debug|Win32
		{5F1B73E7-6F83-4277-BFAD-387A6C8168C3}.Release|x64.ActiveCfg = Release|x64
		{5F1B73E7-6F83-4277-BFAD-387A6C8168C3}.Release|x64.Build.0 = Release|x64
		{5F1B73E7-6F83-4277-BFAD-387A6C8168C3}.Release|x86.ActiveCfg = Release|Win32
		{5F1B73E7-6F83-4277-BFAD-387A6C8168C3}.Release|x86.Build.0 = Release|Win32
	EndGlobalSection
	GlobalSection(SolutionProperties) = preSolution
		HideSolutionNode = FALSE
	EndGlobalSection
	GlobalSection(ExtensibilityGlobals) = postSolution
		SolutionGuid = {0B4292F9-6D65-4F0D-9C72-D0E36F4CEDA4}
	EndGlobalSection
EndGlobal
