
Microsoft Visual Studio Solution File, Format Version 12.00
# Visual Studio Version 16
VisualStudioVersion = 16.0.34407.143
MinimumVisualStudioVersion = 10.0.40219.1
Project("{8BC9CEB8-8B4A-11D0-8D11-00A0C91BC942}") = "4.2 If-Then Structure", "4.2 If-Then Structure\4.2 If-Then Structure.vcxproj", "{9F28F0C6-A27D-43F8-87E2-11C85389398A}"
EndProject
Project("{8BC9CEB8-8B4A-11D0-8D11-00A0C91BC942}") = "4.2 If-Then Structure 2", "4.2 If-Then Structure 2\4.2 If-Then Structure 2.vcxproj", "{4A4A1B61-D758-4FC9-89F7-B2BCEA96FDC5}"
EndProject
Project("{8BC9CEB8-8B4A-11D0-8D11-00A0C91BC942}") = "4.2 If-Then Structure 3", "4.2 If-Then Structure 3\4.2 If-Then Structure 3.vcxproj", "{BADDB17A-A8D2-4E7B-A75D-B78A210AD98B}"
EndProject
Project("{8BC9CEB8-8B4A-11D0-8D11-00A0C91BC942}") = "4.2 If-Then Structure 4", "4.2 If-Then Structure 4\4.2 If-Then Structure 4.vcxproj", "{C90336B5-0689-40D1-B0D1-EDF240F862F5}"
EndProject
Global
	GlobalSection(SolutionConfigurationPlatforms) = preSolution
		Debug|x64 = Debug|x64
		Debug|x86 = Debug|x86
		Release|x64 = Release|x64
		Release|x86 = Release|x86
	EndGlobalSection
	GlobalSection(ProjectConfigurationPlatforms) = postSolution
		{9F28F0C6-A27D-43F8-87E2-11C85389398A}.Debug|x64.ActiveCfg = Debug|x64
		{9F28F0C6-A27D-43F8-87E2-11C85389398A}.Debug|x64.Build.0 = Debug|x64
		{9F28F0C6-A27D-43F8-87E2-11C85389398A}.Debug|x86.ActiveCfg = Debug|Win32
		{9F28F0C6-A27D-43F8-87E2-11C85389398A}.Debug|x86.Build.0 = Debug|Win32
		{9F28F0C6-A27D-43F8-87E2-11C85389398A}.Release|x64.ActiveCfg = Release|x64
		{9F28F0C6-A27D-43F8-87E2-11C85389398A}.Release|x64.Build.0 = Release|x64
		{9F28F0C6-A27D-43F8-87E2-11C85389398A}.Release|x86.ActiveCfg = Release|Win32
		{9F28F0C6-A27D-43F8-87E2-11C85389398A}.Release|x86.Build.0 = Release|Win32
		{4A4A1B61-D758-4FC9-89F7-B2BCEA96FDC5}.Debug|x64.ActiveCfg = Debug|x64
		{4A4A1B61-D758-4FC9-89F7-B2BCEA96FDC5}.Debug|x64.Build.0 = Debug|x64
		{4A4A1B61-D758-4FC9-89F7-B2BCEA96FDC5}.Debug|x86.ActiveCfg = Debug|Win32
		{4A4A1B61-D758-4FC9-89F7-B2BCEA96FDC5}.Debug|x86.Build.0 = Debug|Win32
		{4A4A1B61-D758-4FC9-89F7-B2BCEA96FDC5}.Release|x64.ActiveCfg = Release|x64
		{4A4A1B61-D758-4FC9-89F7-B2BCEA96FDC5}.Release|x64.Build.0 = Release|x64
		{4A4A1B61-D758-4FC9-89F7-B2BCEA96FDC5}.Release|x86.ActiveCfg = Release|Win32
		{4A4A1B61-D758-4FC9-89F7-B2BCEA96FDC5}.Release|x86.Build.0 = Release|Win32
		{BADDB17A-A8D2-4E7B-A75D-B78A210AD98B}.Debug|x64.ActiveCfg = Debug|x64
		{BADDB17A-A8D2-4E7B-A75D-B78A210AD98B}.Debug|x64.Build.0 = Debug|x64
		{BADDB17A-A8D2-4E7B-A75D-B78A210AD98B}.Debug|x86.ActiveCfg = Debug|Win32
		{BADDB17A-A8D2-4E7B-A75D-B78A210AD98B}.Debug|x86.Build.0 = Debug|Win32
		{BADDB17A-A8D2-4E7B-A75D-B78A210AD98B}.Release|x64.ActiveCfg = Release|x64
		{BADDB17A-A8D2-4E7B-A75D-B78A210AD98B}.Release|x64.Build.0 = Release|x64
		{BADDB17A-A8D2-4E7B-A75D-B78A210AD98B}.Release|x86.ActiveCfg = Release|Win32
		{BADDB17A-A8D2-4E7B-A75D-B78A210AD98B}.Release|x86.Build.0 = Release|Win32
		{C90336B5-0689-40D1-B0D1-EDF240F862F5}.Debug|x64.ActiveCfg = Debug|x64
		{C90336B5-0689-40D1-B0D1-EDF240F862F5}.Debug|x64.Build.0 = Debug|x64
		{C90336B5-0689-40D1-B0D1-EDF240F862F5}.Debug|x86.ActiveCfg = Debug|Win32
		{C90336B5-0689-40D1-B0D1-EDF240F862F5}.Debug|x86.Build.0 = Debug|Win32
		{C90336B5-0689-40D1-B0D1-EDF240F862F5}.Release|x64.ActiveCfg = Release|x64
		{C90336B5-0689-40D1-B0D1-EDF240F862F5}.Release|x64.Build.0 = Release|x64
		{C90336B5-0689-40D1-B0D1-EDF240F862F5}.Release|x86.ActiveCfg = Release|Win32
		{C90336B5-0689-40D1-B0D1-EDF240F862F5}.Release|x86.Build.0 = Release|Win32
	EndGlobalSection
	GlobalSection(SolutionProperties) = preSolution
		HideSolutionNode = FALSE
	EndGlobalSection
	GlobalSection(ExtensibilityGlobals) = postSolution
		SolutionGuid = {0B4292F9-6D65-4F0D-9C72-D0E36F4CEDA4}
	EndGlobalSection
EndGlobal
