
Microsoft Visual Studio Solution File, Format Version 12.00
# Visual Studio Version 17
VisualStudioVersion = 17.12.35521.163
MinimumVisualStudioVersion = 10.0.40219.1
Project("{8BC9CEB8-8B4A-11D0-8D11-00A0C91BC942}") = "Solving operand size conflict", "Solving operand size conflict\Solving operand size conflict.vcxproj", "{51BD5B54-525E-4668-AFDD-7A39044DA3B4}"
EndProject
Project("{8BC9CEB8-8B4A-11D0-8D11-00A0C91BC942}") = "Solving operand size conflict 2", "Solving operand size conflict 2\Solving operand size conflict 2.vcxproj", "{5BD6DDDC-ABB5-4D83-A13F-1BE2D367C29B}"
EndProject
Project("{8BC9CEB8-8B4A-11D0-8D11-00A0C91BC942}") = "output", "output\output.vcxproj", "{830F0F5E-F775-43B7-AE70-1F63E0E9F589}"
EndProject
Project("{8BC9CEB8-8B4A-11D0-8D11-00A0C91BC942}") = "HelloWorld by Chat GPT", "HelloWorld by Chat GPT\HelloWorld by Chat GPT.vcxproj", "{4DF47E83-D4BA-4351-9980-1F074C5B5774}"
EndProject
Project("{8BC9CEB8-8B4A-11D0-8D11-00A0C91BC942}") = "Nested for loops from StackOverflow", "Nested for loops from StackOverflow\Nested for loops from StackOverflow.vcxproj", "{06800AB5-2519-479A-A8CF-5813B7D8592B}"
EndProject
Project("{8BC9CEB8-8B4A-11D0-8D11-00A0C91BC942}") = "Nested for loops from StackOverflow 2", "Nested for loops from StackOverflow 2\Nested for loops from StackOverflow 2.vcxproj", "{39C98745-0DA5-48B5-894D-9A555AD5FD7C}"
EndProject
Project("{8BC9CEB8-8B4A-11D0-8D11-00A0C91BC942}") = "Nested for loops from StackOverflow 3", "Nested for loops from StackOverflow 3\Nested for loops from StackOverflow 3.vcxproj", "{7F5BD6ED-67D5-4554-8743-6DE3CDB02C28}"
EndProject
Project("{8BC9CEB8-8B4A-11D0-8D11-00A0C91BC942}") = "Nested for loops from StackOverflow 4", "Nested for loops from StackOverflow 4\Nested for loops from StackOverflow 4.vcxproj", "{74F7318F-3C2B-49E1-8224-5C0AA73CA248}"
EndProject
Project("{8BC9CEB8-8B4A-11D0-8D11-00A0C91BC942}") = "Nested for loops from StackOverflow 5", "Nested for loops from StackOverflow 5\Nested for loops from StackOverflow 5.vcxproj", "{306BD514-7C2E-4A4D-8FA2-EEFFD1D87679}"
EndProject
Global
	GlobalSection(SolutionConfigurationPlatforms) = preSolution
		Debug|x64 = Debug|x64
		Debug|x86 = Debug|x86
		Release|x64 = Release|x64
		Release|x86 = Release|x86
	EndGlobalSection
	GlobalSection(ProjectConfigurationPlatforms) = postSolution
		{51BD5B54-525E-4668-AFDD-7A39044DA3B4}.Debug|x64.ActiveCfg = Debug|x64
		{51BD5B54-525E-4668-AFDD-7A39044DA3B4}.Debug|x64.Build.0 = Debug|x64
		{51BD5B54-525E-4668-AFDD-7A39044DA3B4}.Debug|x86.ActiveCfg = Debug|Win32
		{51BD5B54-525E-4668-AFDD-7A39044DA3B4}.Debug|x86.Build.0 = Debug|Win32
		{51BD5B54-525E-4668-AFDD-7A39044DA3B4}.Release|x64.ActiveCfg = Release|x64
		{51BD5B54-525E-4668-AFDD-7A39044DA3B4}.Release|x64.Build.0 = Release|x64
		{51BD5B54-525E-4668-AFDD-7A39044DA3B4}.Release|x86.ActiveCfg = Release|Win32
		{51BD5B54-525E-4668-AFDD-7A39044DA3B4}.Release|x86.Build.0 = Release|Win32
		{5BD6DDDC-ABB5-4D83-A13F-1BE2D367C29B}.Debug|x64.ActiveCfg = Debug|x64
		{5BD6DDDC-ABB5-4D83-A13F-1BE2D367C29B}.Debug|x64.Build.0 = Debug|x64
		{5BD6DDDC-ABB5-4D83-A13F-1BE2D367C29B}.Debug|x86.ActiveCfg = Debug|Win32
		{5BD6DDDC-ABB5-4D83-A13F-1BE2D367C29B}.Debug|x86.Build.0 = Debug|Win32
		{5BD6DDDC-ABB5-4D83-A13F-1BE2D367C29B}.Release|x64.ActiveCfg = Release|x64
		{5BD6DDDC-ABB5-4D83-A13F-1BE2D367C29B}.Release|x64.Build.0 = Release|x64
		{5BD6DDDC-ABB5-4D83-A13F-1BE2D367C29B}.Release|x86.ActiveCfg = Release|Win32
		{5BD6DDDC-ABB5-4D83-A13F-1BE2D367C29B}.Release|x86.Build.0 = Release|Win32
		{830F0F5E-F775-43B7-AE70-1F63E0E9F589}.Debug|x64.ActiveCfg = Debug|x64
		{830F0F5E-F775-43B7-AE70-1F63E0E9F589}.Debug|x64.Build.0 = Debug|x64
		{830F0F5E-F775-43B7-AE70-1F63E0E9F589}.Debug|x86.ActiveCfg = Debug|Win32
		{830F0F5E-F775-43B7-AE70-1F63E0E9F589}.Debug|x86.Build.0 = Debug|Win32
		{830F0F5E-F775-43B7-AE70-1F63E0E9F589}.Release|x64.ActiveCfg = Release|x64
		{830F0F5E-F775-43B7-AE70-1F63E0E9F589}.Release|x64.Build.0 = Release|x64
		{830F0F5E-F775-43B7-AE70-1F63E0E9F589}.Release|x86.ActiveCfg = Release|Win32
		{830F0F5E-F775-43B7-AE70-1F63E0E9F589}.Release|x86.Build.0 = Release|Win32
		{4DF47E83-D4BA-4351-9980-1F074C5B5774}.Debug|x64.ActiveCfg = Debug|x64
		{4DF47E83-D4BA-4351-9980-1F074C5B5774}.Debug|x64.Build.0 = Debug|x64
		{4DF47E83-D4BA-4351-9980-1F074C5B5774}.Debug|x86.ActiveCfg = Debug|Win32
		{4DF47E83-D4BA-4351-9980-1F074C5B5774}.Debug|x86.Build.0 = Debug|Win32
		{4DF47E83-D4BA-4351-9980-1F074C5B5774}.Release|x64.ActiveCfg = Release|x64
		{4DF47E83-D4BA-4351-9980-1F074C5B5774}.Release|x64.Build.0 = Release|x64
		{4DF47E83-D4BA-4351-9980-1F074C5B5774}.Release|x86.ActiveCfg = Release|Win32
		{4DF47E83-D4BA-4351-9980-1F074C5B5774}.Release|x86.Build.0 = Release|Win32
		{06800AB5-2519-479A-A8CF-5813B7D8592B}.Debug|x64.ActiveCfg = Debug|x64
		{06800AB5-2519-479A-A8CF-5813B7D8592B}.Debug|x64.Build.0 = Debug|x64
		{06800AB5-2519-479A-A8CF-5813B7D8592B}.Debug|x86.ActiveCfg = Debug|Win32
		{06800AB5-2519-479A-A8CF-5813B7D8592B}.Debug|x86.Build.0 = Debug|Win32
		{06800AB5-2519-479A-A8CF-5813B7D8592B}.Release|x64.ActiveCfg = Release|x64
		{06800AB5-2519-479A-A8CF-5813B7D8592B}.Release|x64.Build.0 = Release|x64
		{06800AB5-2519-479A-A8CF-5813B7D8592B}.Release|x86.ActiveCfg = Release|Win32
		{06800AB5-2519-479A-A8CF-5813B7D8592B}.Release|x86.Build.0 = Release|Win32
		{39C98745-0DA5-48B5-894D-9A555AD5FD7C}.Debug|x64.ActiveCfg = Debug|x64
		{39C98745-0DA5-48B5-894D-9A555AD5FD7C}.Debug|x64.Build.0 = Debug|x64
		{39C98745-0DA5-48B5-894D-9A555AD5FD7C}.Debug|x86.ActiveCfg = Debug|Win32
		{39C98745-0DA5-48B5-894D-9A555AD5FD7C}.Debug|x86.Build.0 = Debug|Win32
		{39C98745-0DA5-48B5-894D-9A555AD5FD7C}.Release|x64.ActiveCfg = Release|x64
		{39C98745-0DA5-48B5-894D-9A555AD5FD7C}.Release|x64.Build.0 = Release|x64
		{39C98745-0DA5-48B5-894D-9A555AD5FD7C}.Release|x86.ActiveCfg = Release|Win32
		{39C98745-0DA5-48B5-894D-9A555AD5FD7C}.Release|x86.Build.0 = Release|Win32
		{7F5BD6ED-67D5-4554-8743-6DE3CDB02C28}.Debug|x64.ActiveCfg = Debug|x64
		{7F5BD6ED-67D5-4554-8743-6DE3CDB02C28}.Debug|x64.Build.0 = Debug|x64
		{7F5BD6ED-67D5-4554-8743-6DE3CDB02C28}.Debug|x86.ActiveCfg = Debug|Win32
		{7F5BD6ED-67D5-4554-8743-6DE3CDB02C28}.Debug|x86.Build.0 = Debug|Win32
		{7F5BD6ED-67D5-4554-8743-6DE3CDB02C28}.Release|x64.ActiveCfg = Release|x64
		{7F5BD6ED-67D5-4554-8743-6DE3CDB02C28}.Release|x64.Build.0 = Release|x64
		{7F5BD6ED-67D5-4554-8743-6DE3CDB02C28}.Release|x86.ActiveCfg = Release|Win32
		{7F5BD6ED-67D5-4554-8743-6DE3CDB02C28}.Release|x86.Build.0 = Release|Win32
		{74F7318F-3C2B-49E1-8224-5C0AA73CA248}.Debug|x64.ActiveCfg = Debug|x64
		{74F7318F-3C2B-49E1-8224-5C0AA73CA248}.Debug|x64.Build.0 = Debug|x64
		{74F7318F-3C2B-49E1-8224-5C0AA73CA248}.Debug|x86.ActiveCfg = Debug|Win32
		{74F7318F-3C2B-49E1-8224-5C0AA73CA248}.Debug|x86.Build.0 = Debug|Win32
		{74F7318F-3C2B-49E1-8224-5C0AA73CA248}.Release|x64.ActiveCfg = Release|x64
		{74F7318F-3C2B-49E1-8224-5C0AA73CA248}.Release|x64.Build.0 = Release|x64
		{74F7318F-3C2B-49E1-8224-5C0AA73CA248}.Release|x86.ActiveCfg = Release|Win32
		{74F7318F-3C2B-49E1-8224-5C0AA73CA248}.Release|x86.Build.0 = Release|Win32
		{306BD514-7C2E-4A4D-8FA2-EEFFD1D87679}.Debug|x64.ActiveCfg = Debug|x64
		{306BD514-7C2E-4A4D-8FA2-EEFFD1D87679}.Debug|x64.Build.0 = Debug|x64
		{306BD514-7C2E-4A4D-8FA2-EEFFD1D87679}.Debug|x86.ActiveCfg = Debug|Win32
		{306BD514-7C2E-4A4D-8FA2-EEFFD1D87679}.Debug|x86.Build.0 = Debug|Win32
		{306BD514-7C2E-4A4D-8FA2-EEFFD1D87679}.Release|x64.ActiveCfg = Release|x64
		{306BD514-7C2E-4A4D-8FA2-EEFFD1D87679}.Release|x64.Build.0 = Release|x64
		{306BD514-7C2E-4A4D-8FA2-EEFFD1D87679}.Release|x86.ActiveCfg = Release|Win32
		{306BD514-7C2E-4A4D-8FA2-EEFFD1D87679}.Release|x86.Build.0 = Release|Win32
	EndGlobalSection
	GlobalSection(SolutionProperties) = preSolution
		HideSolutionNode = FALSE
	EndGlobalSection
	GlobalSection(ExtensibilityGlobals) = postSolution
		SolutionGuid = {BB278B7A-92CA-42FC-8A9A-D9C8F231D054}
	EndGlobalSection
EndGlobal
