
Microsoft Visual Studio Solution File, Format Version 12.00
# Visual Studio Version 16
VisualStudioVersion = 16.0.33927.289
MinimumVisualStudioVersion = 10.0.40219.1
Project("{8BC9CEB8-8B4A-11D0-8D11-00A0C91BC942}") = "Addition and Subtraction", "Addition and Subtraction\Addition and Subtraction.vcxproj", "{5A79D4A1-8BBC-4652-A654-32B488D372C7}"
EndProject
Project("{8BC9CEB8-8B4A-11D0-8D11-00A0C91BC942}") = "Addition 2", "Addition 2\Addition 2.vcxproj", "{7C66CB1D-4F55-4AA0-97BF-46FBABF886A2}"
EndProject
Project("{8BC9CEB8-8B4A-11D0-8D11-00A0C91BC942}") = "Addition 3", "Addition 3\Addition 3.vcxproj", "{8D54B420-6632-4596-BA2B-15244DC08EA0}"
EndProject
Project("{8BC9CEB8-8B4A-11D0-8D11-00A0C91BC942}") = "Subtraction", "Subtraction\Subtraction.vcxproj", "{DE669389-22DC-48E0-B32B-91AE2BA2B8CA}"
EndProject
Project("{8BC9CEB8-8B4A-11D0-8D11-00A0C91BC942}") = "multiplication", "multiplication\multiplication.vcxproj", "{426518B2-1B28-4B56-9D6D-96C300245706}"
EndProject
Project("{8BC9CEB8-8B4A-11D0-8D11-00A0C91BC942}") = "multiplication 2", "multiplication 2\multiplication 2.vcxproj", "{DE643BF7-7251-4DC6-A814-5D3DE7345988}"
EndProject
Project("{8BC9CEB8-8B4A-11D0-8D11-00A0C91BC942}") = "Division", "Division\Division.vcxproj", "{5BEFFF15-5F3F-466A-A5CF-7FB1FD1E4174}"
EndProject
Project("{8BC9CEB8-8B4A-11D0-8D11-00A0C91BC942}") = "idiv", "idiv\idiv.vcxproj", "{6A8C933B-AA3B-4151-B362-0C9D933B7413}"
EndProject
Project("{8BC9CEB8-8B4A-11D0-8D11-00A0C91BC942}") = "idiv  2", "idiv  2\idiv  2.vcxproj", "{0507157A-0863-4065-9E35-C630085CA904}"
EndProject
Project("{8BC9CEB8-8B4A-11D0-8D11-00A0C91BC942}") = "add", "add\add.vcxproj", "{78AD56B7-765F-4E09-84D1-0316A8E2BC20}"
EndProject
Project("{8BC9CEB8-8B4A-11D0-8D11-00A0C91BC942}") = "sub", "sub\sub.vcxproj", "{B0A1C115-4FCD-447F-AECC-8687BDE590E8}"
EndProject
Project("{8BC9CEB8-8B4A-11D0-8D11-00A0C91BC942}") = "add 2", "add 2\add 2.vcxproj", "{5A3EC21B-D97B-4686-9593-8001837D79F7}"
EndProject
Project("{8BC9CEB8-8B4A-11D0-8D11-00A0C91BC942}") = "sub 2", "sub 2\sub 2.vcxproj", "{001C5831-313A-401C-84B3-C2C2FDF7E6CC}"
EndProject
Project("{8BC9CEB8-8B4A-11D0-8D11-00A0C91BC942}") = "imul", "imul\imul.vcxproj", "{9C78DC96-C1C7-457A-A058-C3B7247C8117}"
EndProject
Project("{8BC9CEB8-8B4A-11D0-8D11-00A0C91BC942}") = "imul  2", "imul  2\imul  2.vcxproj", "{B96794F2-82F7-43C4-BD6D-9C3AB2AD49F2}"
EndProject
Project("{8BC9CEB8-8B4A-11D0-8D11-00A0C91BC942}") = "imul  3", "imul   3\imul   3.vcxproj", "{115A86AF-F51F-436C-90D8-22D51D70EF26}"
EndProject
Project("{8BC9CEB8-8B4A-11D0-8D11-00A0C91BC942}") = "imul  1", "imul  1\imul  1.vcxproj", "{1161FADC-EC54-4FCE-AB7E-BCD1D30925D6}"
EndProject
Project("{8BC9CEB8-8B4A-11D0-8D11-00A0C91BC942}") = "Increment", "Increment\Increment.vcxproj", "{5465151D-B82A-4642-A43A-96DA507F0CAD}"
EndProject
Global
	GlobalSection(SolutionConfigurationPlatforms) = preSolution
		Debug|x64 = Debug|x64
		Debug|x86 = Debug|x86
		Release|x64 = Release|x64
		Release|x86 = Release|x86
	EndGlobalSection
	GlobalSection(ProjectConfigurationPlatforms) = postSolution
		{5A79D4A1-8BBC-4652-A654-32B488D372C7}.Debug|x64.ActiveCfg = Debug|x64
		{5A79D4A1-8BBC-4652-A654-32B488D372C7}.Debug|x64.Build.0 = Debug|x64
		{5A79D4A1-8BBC-4652-A654-32B488D372C7}.Debug|x86.ActiveCfg = Debug|Win32
		{5A79D4A1-8BBC-4652-A654-32B488D372C7}.Debug|x86.Build.0 = Debug|Win32
		{5A79D4A1-8BBC-4652-A654-32B488D372C7}.Release|x64.ActiveCfg = Release|x64
		{5A79D4A1-8BBC-4652-A654-32B488D372C7}.Release|x64.Build.0 = Release|x64
		{5A79D4A1-8BBC-4652-A654-32B488D372C7}.Release|x86.ActiveCfg = Release|Win32
		{5A79D4A1-8BBC-4652-A654-32B488D372C7}.Release|x86.Build.0 = Release|Win32
		{7C66CB1D-4F55-4AA0-97BF-46FBABF886A2}.Debug|x64.ActiveCfg = Debug|x64
		{7C66CB1D-4F55-4AA0-97BF-46FBABF886A2}.Debug|x64.Build.0 = Debug|x64
		{7C66CB1D-4F55-4AA0-97BF-46FBABF886A2}.Debug|x86.ActiveCfg = Debug|Win32
		{7C66CB1D-4F55-4AA0-97BF-46FBABF886A2}.Debug|x86.Build.0 = Debug|Win32
		{7C66CB1D-4F55-4AA0-97BF-46FBABF886A2}.Release|x64.ActiveCfg = Release|x64
		{7C66CB1D-4F55-4AA0-97BF-46FBABF886A2}.Release|x64.Build.0 = Release|x64
		{7C66CB1D-4F55-4AA0-97BF-46FBABF886A2}.Release|x86.ActiveCfg = Release|Win32
		{7C66CB1D-4F55-4AA0-97BF-46FBABF886A2}.Release|x86.Build.0 = Release|Win32
		{8D54B420-6632-4596-BA2B-15244DC08EA0}.Debug|x64.ActiveCfg = Debug|x64
		{8D54B420-6632-4596-BA2B-15244DC08EA0}.Debug|x64.Build.0 = Debug|x64
		{8D54B420-6632-4596-BA2B-15244DC08EA0}.Debug|x86.ActiveCfg = Debug|Win32
		{8D54B420-6632-4596-BA2B-15244DC08EA0}.Debug|x86.Build.0 = Debug|Win32
		{8D54B420-6632-4596-BA2B-15244DC08EA0}.Release|x64.ActiveCfg = Release|x64
		{8D54B420-6632-4596-BA2B-15244DC08EA0}.Release|x64.Build.0 = Release|x64
		{8D54B420-6632-4596-BA2B-15244DC08EA0}.Release|x86.ActiveCfg = Release|Win32
		{8D54B420-6632-4596-BA2B-15244DC08EA0}.Release|x86.Build.0 = Release|Win32
		{DE669389-22DC-48E0-B32B-91AE2BA2B8CA}.Debug|x64.ActiveCfg = Debug|x64
		{DE669389-22DC-48E0-B32B-91AE2BA2B8CA}.Debug|x64.Build.0 = Debug|x64
		{DE669389-22DC-48E0-B32B-91AE2BA2B8CA}.Debug|x86.ActiveCfg = Debug|Win32
		{DE669389-22DC-48E0-B32B-91AE2BA2B8CA}.Debug|x86.Build.0 = Debug|Win32
		{DE669389-22DC-48E0-B32B-91AE2BA2B8CA}.Release|x64.ActiveCfg = Release|x64
		{DE669389-22DC-48E0-B32B-91AE2BA2B8CA}.Release|x64.Build.0 = Release|x64
		{DE669389-22DC-48E0-B32B-91AE2BA2B8CA}.Release|x86.ActiveCfg = Release|Win32
		{DE669389-22DC-48E0-B32B-91AE2BA2B8CA}.Release|x86.Build.0 = Release|Win32
		{426518B2-1B28-4B56-9D6D-96C300245706}.Debug|x64.ActiveCfg = Debug|x64
		{426518B2-1B28-4B56-9D6D-96C300245706}.Debug|x64.Build.0 = Debug|x64
		{426518B2-1B28-4B56-9D6D-96C300245706}.Debug|x86.ActiveCfg = Debug|Win32
		{426518B2-1B28-4B56-9D6D-96C300245706}.Debug|x86.Build.0 = Debug|Win32
		{426518B2-1B28-4B56-9D6D-96C300245706}.Release|x64.ActiveCfg = Release|x64
		{426518B2-1B28-4B56-9D6D-96C300245706}.Release|x64.Build.0 = Release|x64
		{426518B2-1B28-4B56-9D6D-96C300245706}.Release|x86.ActiveCfg = Release|Win32
		{426518B2-1B28-4B56-9D6D-96C300245706}.Release|x86.Build.0 = Release|Win32
		{DE643BF7-7251-4DC6-A814-5D3DE7345988}.Debug|x64.ActiveCfg = Debug|x64
		{DE643BF7-7251-4DC6-A814-5D3DE7345988}.Debug|x64.Build.0 = Debug|x64
		{DE643BF7-7251-4DC6-A814-5D3DE7345988}.Debug|x86.ActiveCfg = Debug|Win32
		{DE643BF7-7251-4DC6-A814-5D3DE7345988}.Debug|x86.Build.0 = Debug|Win32
		{DE643BF7-7251-4DC6-A814-5D3DE7345988}.Release|x64.ActiveCfg = Release|x64
		{DE643BF7-7251-4DC6-A814-5D3DE7345988}.Release|x64.Build.0 = Release|x64
		{DE643BF7-7251-4DC6-A814-5D3DE7345988}.Release|x86.ActiveCfg = Release|Win32
		{DE643BF7-7251-4DC6-A814-5D3DE7345988}.Release|x86.Build.0 = Release|Win32
		{5BEFFF15-5F3F-466A-A5CF-7FB1FD1E4174}.Debug|x64.ActiveCfg = Debug|x64
		{5BEFFF15-5F3F-466A-A5CF-7FB1FD1E4174}.Debug|x64.Build.0 = Debug|x64
		{5BEFFF15-5F3F-466A-A5CF-7FB1FD1E4174}.Debug|x86.ActiveCfg = Debug|Win32
		{5BEFFF15-5F3F-466A-A5CF-7FB1FD1E4174}.Debug|x86.Build.0 = Debug|Win32
		{5BEFFF15-5F3F-466A-A5CF-7FB1FD1E4174}.Release|x64.ActiveCfg = Release|x64
		{5BEFFF15-5F3F-466A-A5CF-7FB1FD1E4174}.Release|x64.Build.0 = Release|x64
		{5BEFFF15-5F3F-466A-A5CF-7FB1FD1E4174}.Release|x86.ActiveCfg = Release|Win32
		{5BEFFF15-5F3F-466A-A5CF-7FB1FD1E4174}.Release|x86.Build.0 = Release|Win32
		{6A8C933B-AA3B-4151-B362-0C9D933B7413}.Debug|x64.ActiveCfg = Debug|x64
		{6A8C933B-AA3B-4151-B362-0C9D933B7413}.Debug|x64.Build.0 = Debug|x64
		{6A8C933B-AA3B-4151-B362-0C9D933B7413}.Debug|x86.ActiveCfg = Debug|Win32
		{6A8C933B-AA3B-4151-B362-0C9D933B7413}.Debug|x86.Build.0 = Debug|Win32
		{6A8C933B-AA3B-4151-B362-0C9D933B7413}.Release|x64.ActiveCfg = Release|x64
		{6A8C933B-AA3B-4151-B362-0C9D933B7413}.Release|x64.Build.0 = Release|x64
		{6A8C933B-AA3B-4151-B362-0C9D933B7413}.Release|x86.ActiveCfg = Release|Win32
		{6A8C933B-AA3B-4151-B362-0C9D933B7413}.Release|x86.Build.0 = Release|Win32
		{0507157A-0863-4065-9E35-C630085CA904}.Debug|x64.ActiveCfg = Debug|x64
		{0507157A-0863-4065-9E35-C630085CA904}.Debug|x64.Build.0 = Debug|x64
		{0507157A-0863-4065-9E35-C630085CA904}.Debug|x86.ActiveCfg = Debug|Win32
		{0507157A-0863-4065-9E35-C630085CA904}.Debug|x86.Build.0 = Debug|Win32
		{0507157A-0863-4065-9E35-C630085CA904}.Release|x64.ActiveCfg = Release|x64
		{0507157A-0863-4065-9E35-C630085CA904}.Release|x64.Build.0 = Release|x64
		{0507157A-0863-4065-9E35-C630085CA904}.Release|x86.ActiveCfg = Release|Win32
		{0507157A-0863-4065-9E35-C630085CA904}.Release|x86.Build.0 = Release|Win32
		{78AD56B7-765F-4E09-84D1-0316A8E2BC20}.Debug|x64.ActiveCfg = Debug|x64
		{78AD56B7-765F-4E09-84D1-0316A8E2BC20}.Debug|x64.Build.0 = Debug|x64
		{78AD56B7-765F-4E09-84D1-0316A8E2BC20}.Debug|x86.ActiveCfg = Debug|Win32
		{78AD56B7-765F-4E09-84D1-0316A8E2BC20}.Debug|x86.Build.0 = Debug|Win32
		{78AD56B7-765F-4E09-84D1-0316A8E2BC20}.Release|x64.ActiveCfg = Release|x64
		{78AD56B7-765F-4E09-84D1-0316A8E2BC20}.Release|x64.Build.0 = Release|x64
		{78AD56B7-765F-4E09-84D1-0316A8E2BC20}.Release|x86.ActiveCfg = Release|Win32
		{78AD56B7-765F-4E09-84D1-0316A8E2BC20}.Release|x86.Build.0 = Release|Win32
		{B0A1C115-4FCD-447F-AECC-8687BDE590E8}.Debug|x64.ActiveCfg = Debug|x64
		{B0A1C115-4FCD-447F-AECC-8687BDE590E8}.Debug|x64.Build.0 = Debug|x64
		{B0A1C115-4FCD-447F-AECC-8687BDE590E8}.Debug|x86.ActiveCfg = Debug|Win32
		{B0A1C115-4FCD-447F-AECC-8687BDE590E8}.Debug|x86.Build.0 = Debug|Win32
		{B0A1C115-4FCD-447F-AECC-8687BDE590E8}.Release|x64.ActiveCfg = Release|x64
		{B0A1C115-4FCD-447F-AECC-8687BDE590E8}.Release|x64.Build.0 = Release|x64
		{B0A1C115-4FCD-447F-AECC-8687BDE590E8}.Release|x86.ActiveCfg = Release|Win32
		{B0A1C115-4FCD-447F-AECC-8687BDE590E8}.Release|x86.Build.0 = Release|Win32
		{5A3EC21B-D97B-4686-9593-8001837D79F7}.Debug|x64.ActiveCfg = Debug|x64
		{5A3EC21B-D97B-4686-9593-8001837D79F7}.Debug|x64.Build.0 = Debug|x64
		{5A3EC21B-D97B-4686-9593-8001837D79F7}.Debug|x86.ActiveCfg = Debug|Win32
		{5A3EC21B-D97B-4686-9593-8001837D79F7}.Debug|x86.Build.0 = Debug|Win32
		{5A3EC21B-D97B-4686-9593-8001837D79F7}.Release|x64.ActiveCfg = Release|x64
		{5A3EC21B-D97B-4686-9593-8001837D79F7}.Release|x64.Build.0 = Release|x64
		{5A3EC21B-D97B-4686-9593-8001837D79F7}.Release|x86.ActiveCfg = Release|Win32
		{5A3EC21B-D97B-4686-9593-8001837D79F7}.Release|x86.Build.0 = Release|Win32
		{001C5831-313A-401C-84B3-C2C2FDF7E6CC}.Debug|x64.ActiveCfg = Debug|x64
		{001C5831-313A-401C-84B3-C2C2FDF7E6CC}.Debug|x64.Build.0 = Debug|x64
		{001C5831-313A-401C-84B3-C2C2FDF7E6CC}.Debug|x86.ActiveCfg = Debug|Win32
		{001C5831-313A-401C-84B3-C2C2FDF7E6CC}.Debug|x86.Build.0 = Debug|Win32
		{001C5831-313A-401C-84B3-C2C2FDF7E6CC}.Release|x64.ActiveCfg = Release|x64
		{001C5831-313A-401C-84B3-C2C2FDF7E6CC}.Release|x64.Build.0 = Release|x64
		{001C5831-313A-401C-84B3-C2C2FDF7E6CC}.Release|x86.ActiveCfg = Release|Win32
		{001C5831-313A-401C-84B3-C2C2FDF7E6CC}.Release|x86.Build.0 = Release|Win32
		{9C78DC96-C1C7-457A-A058-C3B7247C8117}.Debug|x64.ActiveCfg = Debug|x64
		{9C78DC96-C1C7-457A-A058-C3B7247C8117}.Debug|x64.Build.0 = Debug|x64
		{9C78DC96-C1C7-457A-A058-C3B7247C8117}.Debug|x86.ActiveCfg = Debug|Win32
		{9C78DC96-C1C7-457A-A058-C3B7247C8117}.Debug|x86.Build.0 = Debug|Win32
		{9C78DC96-C1C7-457A-A058-C3B7247C8117}.Release|x64.ActiveCfg = Release|x64
		{9C78DC96-C1C7-457A-A058-C3B7247C8117}.Release|x64.Build.0 = Release|x64
		{9C78DC96-C1C7-457A-A058-C3B7247C8117}.Release|x86.ActiveCfg = Release|Win32
		{9C78DC96-C1C7-457A-A058-C3B7247C8117}.Release|x86.Build.0 = Release|Win32
		{B96794F2-82F7-43C4-BD6D-9C3AB2AD49F2}.Debug|x64.ActiveCfg = Debug|x64
		{B96794F2-82F7-43C4-BD6D-9C3AB2AD49F2}.Debug|x64.Build.0 = Debug|x64
		{B96794F2-82F7-43C4-BD6D-9C3AB2AD49F2}.Debug|x86.ActiveCfg = Debug|Win32
		{B96794F2-82F7-43C4-BD6D-9C3AB2AD49F2}.Debug|x86.Build.0 = Debug|Win32
		{B96794F2-82F7-43C4-BD6D-9C3AB2AD49F2}.Release|x64.ActiveCfg = Release|x64
		{B96794F2-82F7-43C4-BD6D-9C3AB2AD49F2}.Release|x64.Build.0 = Release|x64
		{B96794F2-82F7-43C4-BD6D-9C3AB2AD49F2}.Release|x86.ActiveCfg = Release|Win32
		{B96794F2-82F7-43C4-BD6D-9C3AB2AD49F2}.Release|x86.Build.0 = Release|Win32
		{115A86AF-F51F-436C-90D8-22D51D70EF26}.Debug|x64.ActiveCfg = Debug|x64
		{115A86AF-F51F-436C-90D8-22D51D70EF26}.Debug|x64.Build.0 = Debug|x64
		{115A86AF-F51F-436C-90D8-22D51D70EF26}.Debug|x86.ActiveCfg = Debug|Win32
		{115A86AF-F51F-436C-90D8-22D51D70EF26}.Debug|x86.Build.0 = Debug|Win32
		{115A86AF-F51F-436C-90D8-22D51D70EF26}.Release|x64.ActiveCfg = Release|x64
		{115A86AF-F51F-436C-90D8-22D51D70EF26}.Release|x64.Build.0 = Release|x64
		{115A86AF-F51F-436C-90D8-22D51D70EF26}.Release|x86.ActiveCfg = Release|Win32
		{115A86AF-F51F-436C-90D8-22D51D70EF26}.Release|x86.Build.0 = Release|Win32
		{1161FADC-EC54-4FCE-AB7E-BCD1D30925D6}.Debug|x64.ActiveCfg = Debug|x64
		{1161FADC-EC54-4FCE-AB7E-BCD1D30925D6}.Debug|x64.Build.0 = Debug|x64
		{1161FADC-EC54-4FCE-AB7E-BCD1D30925D6}.Debug|x86.ActiveCfg = Debug|Win32
		{1161FADC-EC54-4FCE-AB7E-BCD1D30925D6}.Debug|x86.Build.0 = Debug|Win32
		{1161FADC-EC54-4FCE-AB7E-BCD1D30925D6}.Release|x64.ActiveCfg = Release|x64
		{1161FADC-EC54-4FCE-AB7E-BCD1D30925D6}.Release|x64.Build.0 = Release|x64
		{1161FADC-EC54-4FCE-AB7E-BCD1D30925D6}.Release|x86.ActiveCfg = Release|Win32
		{1161FADC-EC54-4FCE-AB7E-BCD1D30925D6}.Release|x86.Build.0 = Release|Win32
		{5465151D-B82A-4642-A43A-96DA507F0CAD}.Debug|x64.ActiveCfg = Debug|x64
		{5465151D-B82A-4642-A43A-96DA507F0CAD}.Debug|x64.Build.0 = Debug|x64
		{5465151D-B82A-4642-A43A-96DA507F0CAD}.Debug|x86.ActiveCfg = Debug|Win32
		{5465151D-B82A-4642-A43A-96DA507F0CAD}.Debug|x86.Build.0 = Debug|Win32
		{5465151D-B82A-4642-A43A-96DA507F0CAD}.Release|x64.ActiveCfg = Release|x64
		{5465151D-B82A-4642-A43A-96DA507F0CAD}.Release|x64.Build.0 = Release|x64
		{5465151D-B82A-4642-A43A-96DA507F0CAD}.Release|x86.ActiveCfg = Release|Win32
		{5465151D-B82A-4642-A43A-96DA507F0CAD}.Release|x86.Build.0 = Release|Win32
	EndGlobalSection
	GlobalSection(SolutionProperties) = preSolution
		HideSolutionNode = FALSE
	EndGlobalSection
	GlobalSection(ExtensibilityGlobals) = postSolution
		SolutionGuid = {F0DB2C02-9CDB-4B03-80DD-C068E83EE350}
	EndGlobalSection
EndGlobal
